// !$*UTF8*$!
{
	archiveVersion = 1;
	classes = {
	};
	objectVersion = 46;
	objects = {

/* Begin PBXBuildFile section */
		25D462901E4ED02C00945BFE /* AppDelegate.swift in Sources */ = {isa = PBXBuildFile; fileRef = 25D4628F1E4ED02C00945BFE /* AppDelegate.swift */; };
		25D462921E4ED02C00945BFE /* ViewController.swift in Sources */ = {isa = PBXBuildFile; fileRef = 25D462911E4ED02C00945BFE /* ViewController.swift */; };
		25D462951E4ED02C00945BFE /* Main.storyboard in Resources */ = {isa = PBXBuildFile; fileRef = 25D462931E4ED02C00945BFE /* Main.storyboard */; };
		25D462971E4ED02C00945BFE /* Assets.xcassets in Resources */ = {isa = PBXBuildFile; fileRef = 25D462961E4ED02C00945BFE /* Assets.xcassets */; };
		25D4629A1E4ED02C00945BFE /* LaunchScreen.storyboard in Resources */ = {isa = PBXBuildFile; fileRef = 25D462981E4ED02C00945BFE /* LaunchScreen.storyboard */; };
		A671EE60AC5E0ACC0D1868DF /* libPods-note.a in Frameworks */ = {isa = PBXBuildFile; fileRef = C315214758F1771F93909475 /* libPods-note.a */; };
/* End PBXBuildFile section */

/* Begin PBXFileReference section */
		25D4628C1E4ED02C00945BFE /* note.app */ = {isa = PBXFileReference; explicitFileType = wrapper.application; includeInIndex = 0; path = note.app; sourceTree = BUILT_PRODUCTS_DIR; };
		25D4628F1E4ED02C00945BFE /* AppDelegate.swift */ = {isa = PBXFileReference; lastKnownFileType = sourcecode.swift; path = AppDelegate.swift; sourceTree = "<group>"; };
		25D462911E4ED02C00945BFE /* ViewController.swift */ = {isa = PBXFileReference; lastKnownFileType = sourcecode.swift; path = ViewController.swift; sourceTree = "<group>"; };
		25D462941E4ED02C00945BFE /* Base */ = {isa = PBXFileReference; lastKnownFileType = file.storyboard; name = Base; path = Base.lproj/Main.storyboard; sourceTree = "<group>"; };
		25D462961E4ED02C00945BFE /* Assets.xcassets */ = {isa = PBXFileReference; lastKnownFileType = folder.assetcatalog; path = Assets.xcassets; sourceTree = "<group>"; };
		25D462991E4ED02C00945BFE /* Base */ = {isa = PBXFileReference; lastKnownFileType = file.storyboard; name = Base; path = Base.lproj/LaunchScreen.storyboard; sourceTree = "<group>"; };
		25D4629B1E4ED02C00945BFE /* Info.plist */ = {isa = PBXFileReference; lastKnownFileType = text.plist.xml; path = Info.plist; sourceTree = "<group>"; };
		2ED8B3580AEDB9E8D0C4F00D /* Pods-note.release.xcconfig */ = {isa = PBXFileReference; includeInIndex = 1; lastKnownFileType = text.xcconfig; name = "Pods-note.release.xcconfig"; path = "Pods/Target Support Files/Pods-note/Pods-note.release.xcconfig"; sourceTree = "<group>"; };
		A2D3168D6D57799310831DE2 /* Pods-note.debug.xcconfig */ = {isa = PBXFileReference; includeInIndex = 1; lastKnownFileType = text.xcconfig; name = "Pods-note.debug.xcconfig"; path = "Pods/Target Support Files/Pods-note/Pods-note.debug.xcconfig"; sourceTree = "<group>"; };
		C315214758F1771F93909475 /* libPods-note.a */ = {isa = PBXFileReference; explicitFileType = archive.ar; includeInIndex = 0; path = "libPods-note.a"; sourceTree = BUILT_PRODUCTS_DIR; };
/* End PBXFileReference section */

/* Begin PBXFrameworksBuildPhase section */
		25D462891E4ED02C00945BFE /* Frameworks */ = {
			isa = PBXFrameworksBuildPhase;
			buildActionMask = 2147483647;
			files = (
				A671EE60AC5E0ACC0D1868DF /* libPods-note.a in Frameworks */,
			);
			runOnlyForDeploymentPostprocessing = 0;
		};
/* End PBXFrameworksBuildPhase section */

/* Begin PBXGroup section */
		25D462831E4ED02C00945BFE = {
			isa = PBXGroup;
			children = (
				25D4628E1E4ED02C00945BFE /* note */,
				25D4628D1E4ED02C00945BFE /* Products */,
				998A06397E736E9A5791313F /* Pods */,
				A7872882E7D1858709587E3F /* Frameworks */,
			);
			sourceTree = "<group>";
		};
		25D4628D1E4ED02C00945BFE /* Products */ = {
			isa = PBXGroup;
			children = (
				25D4628C1E4ED02C00945BFE /* note.app */,
			);
			name = Products;
			sourceTree = "<group>";
		};
		25D4628E1E4ED02C00945BFE /* note */ = {
			isa = PBXGroup;
			children = (
				25D4628F1E4ED02C00945BFE /* AppDelegate.swift */,
				25D462911E4ED02C00945BFE /* ViewController.swift */,
				25D462931E4ED02C00945BFE /* Main.storyboard */,
				25D462961E4ED02C00945BFE /* Assets.xcassets */,
				25D462981E4ED02C00945BFE /* LaunchScreen.storyboard */,
				25D4629B1E4ED02C00945BFE /* Info.plist */,
			);
			path = note;
			sourceTree = "<group>";
		};
		998A06397E736E9A5791313F /* Pods */ = {
			isa = PBXGroup;
			children = (
				A2D3168D6D57799310831DE2 /* Pods-note.debug.xcconfig */,
				2ED8B3580AEDB9E8D0C4F00D /* Pods-note.release.xcconfig */,
			);
			name = Pods;
			sourceTree = "<group>";
		};
		A7872882E7D1858709587E3F /* Frameworks */ = {
			isa = PBXGroup;
			children = (
				C315214758F1771F93909475 /* libPods-note.a */,
			);
			name = Frameworks;
			sourceTree = "<group>";
		};
/* End PBXGroup section */

/* Begin PBXNativeTarget section */
		25D4628B1E4ED02C00945BFE /* note */ = {
			isa = PBXNativeTarget;
			buildConfigurationList = 25D4629E1E4ED02C00945BFE /* Build configuration list for PBXNativeTarget "note" */;
			buildPhases = (
				FAAFBDAE76C827F1018E336A /* [CP] Check Pods Manifest.lock */,
				25D462881E4ED02C00945BFE /* Sources */,
				25D462891E4ED02C00945BFE /* Frameworks */,
				25D4628A1E4ED02C00945BFE /* Resources */,
				A75ADF1C21CFD05F730178E2 /* [CP] Embed Pods Frameworks */,
				91761AE41620BB047C54F22D /* [CP] Copy Pods Resources */,
			);
			buildRules = (
			);
			dependencies = (
			);
			name = note;
			productName = note;
			productReference = 25D4628C1E4ED02C00945BFE /* note.app */;
			productType = "com.apple.product-type.application";
		};
/* End PBXNativeTarget section */

/* Begin PBXProject section */
		25D462841E4ED02C00945BFE /* Project object */ = {
			isa = PBXProject;
			attributes = {
				LastSwiftUpdateCheck = 0820;
				LastUpgradeCheck = 0820;
				ORGANIZATIONNAME = qin;
				TargetAttributes = {
					25D4628B1E4ED02C00945BFE = {
						CreatedOnToolsVersion = 8.2.1;
						ProvisioningStyle = Automatic;
					};
				};
			};
			buildConfigurationList = 25D462871E4ED02C00945BFE /* Build configuration list for PBXProject "note" */;
			compatibilityVersion = "Xcode 3.2";
			developmentRegion = English;
			hasScannedForEncodings = 0;
			knownRegions = (
				en,
				Base,
			);
			mainGroup = 25D462831E4ED02C00945BFE;
			productRefGroup = 25D4628D1E4ED02C00945BFE /* Products */;
			projectDirPath = "";
			projectRoot = "";
			targets = (
				25D4628B1E4ED02C00945BFE /* note */,
			);
		};
/* End PBXProject section */

/* Begin PBXResourcesBuildPhase section */
		25D4628A1E4ED02C00945BFE /* Resources */ = {
			isa = PBXResourcesBuildPhase;
			buildActionMask = 2147483647;
			files = (
				25D4629A1E4ED02C00945BFE /* LaunchScreen.storyboard in Resources */,
				25D462971E4ED02C00945BFE /* Assets.xcassets in Resources */,
				25D462951E4ED02C00945BFE /* Main.storyboard in Resources */,
			);
			runOnlyForDeploymentPostprocessing = 0;
		};
/* End PBXResourcesBuildPhase section */

/* Begin PBXShellScriptBuildPhase section */
		91761AE41620BB047C54F22D /* [CP] Copy Pods Resources */ = {
			isa = PBXShellScriptBuildPhase;
			buildActionMask = 2147483647;
			files = (
			);
			inputPaths = (
			);
			name = "[CP] Copy Pods Resources";
			outputPaths = (
			);
			runOnlyForDeploymentPostprocessing = 0;
			shellPath = /bin/sh;
			shellScript = "\"${SRCROOT}/Pods/Target Support Files/Pods-note/Pods-note-resources.sh\"\n";
			showEnvVarsInLog = 0;
		};
		A75ADF1C21CFD05F730178E2 /* [CP] Embed Pods Frameworks */ = {
			isa = PBXShellScriptBuildPhase;
			buildActionMask = 2147483647;
			files = (
			);
			inputPaths = (
			);
			name = "[CP] Embed Pods Frameworks";
			outputPaths = (
			);
			runOnlyForDeploymentPostprocessing = 0;
			shellPath = /bin/sh;
			shellScript = "\"${SRCROOT}/Pods/Target Support Files/Pods-note/Pods-note-frameworks.sh\"\n";
			showEnvVarsInLog = 0;
		};
		FAAFBDAE76C827F1018E336A /* [CP] Check Pods Manifest.lock */ = {
			isa = PBXShellScriptBuildPhase;
			buildActionMask = 2147483647;
			files = (
			);
			inputPaths = (
			);
			name = "[CP] Check Pods Manifest.lock";
			outputPaths = (
			);
			runOnlyForDeploymentPostprocessing = 0;
			shellPath = /bin/sh;
			shellScript = "diff \"${PODS_ROOT}/../Podfile.lock\" \"${PODS_ROOT}/Manifest.lock\" > /dev/null\nif [ $? != 0 ] ; then\n    # print error to STDERR\n    echo \"error: The sandbox is not in sync with the Podfile.lock. Run 'pod install' or update your CocoaPods installation.\" >&2\n    exit 1\nfi\n";
			showEnvVarsInLog = 0;
		};
/* End PBXShellScriptBuildPhase section */

/* Begin PBXSourcesBuildPhase section */
		25D462881E4ED02C00945BFE /* Sources */ = {
			isa = PBXSourcesBuildPhase;
			buildActionMask = 2147483647;
			files = (
				25D462921E4ED02C00945BFE /* ViewController.swift in Sources */,
				25D462901E4ED02C00945BFE /* AppDelegate.swift in Sources */,
			);
			runOnlyForDeploymentPostprocessing = 0;
		};
/* End PBXSourcesBuildPhase section */

/* Begin PBXVariantGroup section */
		25D462931E4ED02C00945BFE /* Main.storyboard */ = {
			isa = PBXVariantGroup;
			children = (
				25D462941E4ED02C00945BFE /* Base */,
			);
			name = Main.storyboard;
			sourceTree = "<group>";
		};
		25D462981E4ED02C00945BFE /* LaunchScreen.storyboard */ = {
			isa = PBXVariantGroup;
			children = (
				25D462991E4ED02C00945BFE /* Base */,
			);
			name = LaunchScreen.storyboard;
			sourceTree = "<group>";
		};
/* End PBXVariantGroup section */

/* Begin XCBuildConfiguration section */
		25D4629C1E4ED02C00945BFE /* Debug */ = {
			isa = XCBuildConfiguration;
			buildSettings = {
				ALWAYS_SEARCH_USER_PATHS = NO;
				CLANG_ANALYZER_NONNULL = YES;
				CLANG_CXX_LANGUAGE_STANDARD = "gnu++0x";
				CLANG_CXX_LIBRARY = "libc++";
				CLANG_ENABLE_MODULES = YES;
				CLANG_ENABLE_OBJC_ARC = YES;
				CLANG_WARN_BOOL_CONVERSION = YES;
				CLANG_WARN_CONSTANT_CONVERSION = YES;
				CLANG_WARN_DIRECT_OBJC_ISA_USAGE = YES_ERROR;
				CLANG_WARN_DOCUMENTATION_COMMENTS = YES;
				CLANG_WARN_EMPTY_BODY = YES;
				CLANG_WARN_ENUM_CONVERSION = YES;
				CLANG_WARN_INFINITE_RECURSION = YES;
				CLANG_WARN_INT_CONVERSION = YES;
				CLANG_WARN_OBJC_ROOT_CLASS = YES_ERROR;
				CLANG_WARN_SUSPICIOUS_MOVE = YES;
				CLANG_WARN_UNREACHABLE_CODE = YES;
				CLANG_WARN__DUPLICATE_METHOD_MATCH = YES;
				"CODE_SIGN_IDENTITY[sdk=iphoneos*]" = "iPhone Developer";
				COPY_PHASE_STRIP = NO;
				DEBUG_INFORMATION_FORMAT = dwarf;
				ENABLE_STRICT_OBJC_MSGSEND = YES;
				ENABLE_TESTABILITY = YES;
				GCC_C_LANGUAGE_STANDARD = gnu99;
				GCC_DYNAMIC_NO_PIC = NO;
				GCC_NO_COMMON_BLOCKS = YES;
				GCC_OPTIMIZATION_LEVEL = 0;
				GCC_PREPROCESSOR_DEFINITIONS = (
					"DEBUG=1",
					"$(inherited)",
				);
				GCC_WARN_64_TO_32_BIT_CONVERSION = YES;
				GCC_WARN_ABOUT_RETURN_TYPE = YES_ERROR;
				GCC_WARN_UNDECLARED_SELECTOR = YES;
				GCC_WARN_UNINITIALIZED_AUTOS = YES_AGGRESSIVE;
				GCC_WARN_UNUSED_FUNCTION = YES;
				GCC_WARN_UNUSED_VARIABLE = YES;
				IPHONEOS_DEPLOYMENT_TARGET = 10.2;
				MTL_ENABLE_DEBUG_INFO = YES;
				ONLY_ACTIVE_ARCH = YES;
				SDKROOT = iphoneos;
				SWIFT_ACTIVE_COMPILATION_CONDITIONS = DEBUG;
				SWIFT_OPTIMIZATION_LEVEL = "-Onone";
				TARGETED_DEVICE_FAMILY = "1,2";
			};
			name = Debug;
		};
		25D4629D1E4ED02C00945BFE /* Release */ = {
			isa = XCBuildConfiguration;
			buildSettings = {
				ALWAYS_SEARCH_USER_PATHS = NO;
				CLANG_ANALYZER_NONNULL = YES;
				CLANG_CXX_LANGUAGE_STANDARD = "gnu++0x";
				CLANG_CXX_LIBRARY = "libc++";
				CLANG_ENABLE_MODULES = YES;
				CLANG_ENABLE_OBJC_ARC = YES;
				CLANG_WARN_BOOL_CONVERSION = YES;
				CLANG_WARN_CONSTANT_CONVERSION = YES;
				CLANG_WARN_DIRECT_OBJC_ISA_USAGE = YES_ERROR;
				CLANG_WARN_DOCUMENTATION_COMMENTS = YES;
				CLANG_WARN_EMPTY_BODY = YES;
				CLANG_WARN_ENUM_CONVERSION = YES;
				CLANG_WARN_INFINITE_RECURSION = YES;
				CLANG_WARN_INT_CONVERSION = YES;
				CLANG_WARN_OBJC_ROOT_CLASS = YES_ERROR;
				CLANG_WARN_SUSPICIOUS_MOVE = YES;
				CLANG_WARN_UNREACHABLE_CODE = YES;
				CLANG_WARN__DUPLICATE_METHOD_MATCH = YES;
				"CODE_SIGN_IDENTITY[sdk=iphoneos*]" = "iPhone Developer";
				COPY_PHASE_STRIP = NO;
				DEBUG_INFORMATION_FORMAT = "dwarf-with-dsym";
				ENABLE_NS_ASSERTIONS = NO;
				ENABLE_STRICT_OBJC_MSGSEND = YES;
				GCC_C_LANGUAGE_STANDARD = gnu99;
				GCC_NO_COMMON_BLOCKS = YES;
				GCC_WARN_64_TO_32_BIT_CONVERSION = YES;
				GCC_WARN_ABOUT_RETURN_TYPE = YES_ERROR;
				GCC_WARN_UNDECLARED_SELECTOR = YES;
				GCC_WARN_UNINITIALIZED_AUTOS = YES_AGGRESSIVE;
				GCC_WARN_UNUSED_FUNCTION = YES;
				GCC_WARN_UNUSED_VARIABLE = YES;
				IPHONEOS_DEPLOYMENT_TARGET = 10.2;
				MTL_ENABLE_DEBUG_INFO = NO;
				SDKROOT = iphoneos;
				SWIFT_OPTIMIZATION_LEVEL = "-Owholemodule";
				TARGETED_DEVICE_FAMILY = "1,2";
				VALIDATE_PRODUCT = YES;
			};
			name = Release;
		};
		25D4629F1E4ED02C00945BFE /* Debug */ = {
			isa = XCBuildConfiguration;
			baseConfigurationReference = A2D3168D6D57799310831DE2 /* Pods-note.debug.xcconfig */;
			buildSettings = {
				ASSETCATALOG_COMPILER_APPICON_NAME = AppIcon;
				INFOPLIST_FILE = note/Info.plist;
				IPHONEOS_DEPLOYMENT_TARGET = 9.0;
				LD_RUNPATH_SEARCH_PATHS = "$(inherited) @executable_path/Frameworks";
				PRODUCT_BUNDLE_IDENTIFIER = com.qin.note;
				PRODUCT_NAME = "$(TARGET_NAME)";
				SWIFT_VERSION = 3.0;
			};
			name = Debug;
		};
		25D462A01E4ED02C00945BFE /* Release */ = {
			isa = XCBuildConfiguration;
			baseConfigurationReference = 2ED8B3580AEDB9E8D0C4F00D /* Pods-note.release.xcconfig */;
			buildSettings = {
				ASSETCATALOG_COMPILER_APPICON_NAME = AppIcon;
				INFOPLIST_FILE = note/Info.plist;
				IPHONEOS_DEPLOYMENT_TARGET = 9.0;
				LD_RUNPATH_SEARCH_PATHS = "$(inherited) @executable_path/Frameworks";
				PRODUCT_BUNDLE_IDENTIFIER = com.qin.note;
				PRODUCT_NAME = "$(TARGET_NAME)";
				SWIFT_VERSION = 3.0;
			};
			name = Release;
		};
/* End XCBuildConfiguration section */

/* Begin XCConfigurationList section */
		25D462871E4ED02C00945BFE /* Build configuration list for PBXProject "note" */ = {
			isa = XCConfigurationList;
			buildConfigurations = (
				25D4629C1E4ED02C00945BFE /* Debug */,
				25D4629D1E4ED02C00945BFE /* Release */,
			);
			defaultConfigurationIsVisible = 0;
			defaultConfigurationName = Release;
		};
		25D4629E1E4ED02C00945BFE /* Build configuration list for PBXNativeTarget "note" */ = {
			isa = XCConfigurationList;
			buildConfigurations = (
				25D4629F1E4ED02C00945BFE /* Debug */,
				25D462A01E4ED02C00945BFE /* Release */,
			);
			defaultConfigurationIsVisible = 0;
		};
/* End XCConfigurationList section */
	};
	rootObject = 25D462841E4ED02C00945BFE /* Project object */;
}
